
Microsoft Visual Studio Solution File, Format Version 12.00
# Visual Studio Version 16
VisualStudioVersion = 16.0.31205.134
MinimumVisualStudioVersion = 10.0.40219.1
Project("{FAE04EC0-301F-11D3-BF4B-00C04F79EFBC}") = "23_Demo Grover's Algorithm", "23_Demo Grover's Algorithm.csproj", "{5873A0A0-6991-42C4-814C-2558D3BA51FD}"
EndProject
Global
	GlobalSection(SolutionConfigurationPlatforms) = preSolution
		Debug|Any CPU = Debug|Any CPU
		Release|Any CPU = Release|Any CPU
	EndGlobalSection
	GlobalSection(ProjectConfigurationPlatforms) = postSolution
		{5873A0A0-6991-42C4-814C-2558D3BA51FD}.Debug|Any CPU.ActiveCfg = Debug|Any CPU
		{5873A0A0-6991-42C4-814C-2558D3BA51FD}.Debug|Any CPU.Build.0 = Debug|Any CPU
		{5873A0A0-6991-42C4-814C-2558D3BA51FD}.Release|Any CPU.ActiveCfg = Release|Any CPU
		{5873A0A0-6991-42C4-814C-2558D3BA51FD}.Release|Any CPU.Build.0 = Release|Any CPU
	EndGlobalSection
	GlobalSection(SolutionProperties) = preSolution
		HideSolutionNode = FALSE
	EndGlobalSection
	GlobalSection(ExtensibilityGlobals) = postSolution
		SolutionGuid = {610475AA-B579-4BE5-B819-F3F5E432DEB8}
	EndGlobalSection
EndGlobal
