
Microsoft Visual Studio Solution File, Format Version 12.00
# Visual Studio Version 16
VisualStudioVersion = 16.0.30204.135
MinimumVisualStudioVersion = 10.0.40219.1
Project("{FAE04EC0-301F-11D3-BF4B-00C04F79EFBC}") = "23_Demo Grover's Algorithm", "23_Demo Grover's Algorithm.csproj", "{D3E233BB-2DAE-4C54-B779-D36EB1C7FECE}"
EndProject
Global
	GlobalSection(SolutionConfigurationPlatforms) = preSolution
		Debug|Any CPU = Debug|Any CPU
		Release|Any CPU = Release|Any CPU
	EndGlobalSection
	GlobalSection(ProjectConfigurationPlatforms) = postSolution
		{D3E233BB-2DAE-4C54-B779-D36EB1C7FECE}.Debug|Any CPU.ActiveCfg = Debug|Any CPU
		{D3E233BB-2DAE-4C54-B779-D36EB1C7FECE}.Debug|Any CPU.Build.0 = Debug|Any CPU
		{D3E233BB-2DAE-4C54-B779-D36EB1C7FECE}.Release|Any CPU.ActiveCfg = Release|Any CPU
		{D3E233BB-2DAE-4C54-B779-D36EB1C7FECE}.Release|Any CPU.Build.0 = Release|Any CPU
	EndGlobalSection
	GlobalSection(SolutionProperties) = preSolution
		HideSolutionNode = FALSE
	EndGlobalSection
	GlobalSection(ExtensibilityGlobals) = postSolution
		SolutionGuid = {5A4CE32C-8C36-4E1D-80D0-3C2AC0BE0D11}
	EndGlobalSection
EndGlobal
