
Microsoft Visual Studio Solution File, Format Version 12.00
# Visual Studio Version 16
VisualStudioVersion = 16.0.30204.135
MinimumVisualStudioVersion = 10.0.40219.1
Project("{FAE04EC0-301F-11D3-BF4B-00C04F79EFBC}") = "27_Demo Simon's Algorithm", "27_Demo Simon's Algorithm.csproj", "{67F9CF7F-958E-4066-88C1-AE45E19CE596}"
EndProject
Global
	GlobalSection(SolutionConfigurationPlatforms) = preSolution
		Debug|Any CPU = Debug|Any CPU
		Release|Any CPU = Release|Any CPU
	EndGlobalSection
	GlobalSection(ProjectConfigurationPlatforms) = postSolution
		{67F9CF7F-958E-4066-88C1-AE45E19CE596}.Debug|Any CPU.ActiveCfg = Debug|Any CPU
		{67F9CF7F-958E-4066-88C1-AE45E19CE596}.Debug|Any CPU.Build.0 = Debug|Any CPU
		{67F9CF7F-958E-4066-88C1-AE45E19CE596}.Release|Any CPU.ActiveCfg = Release|Any CPU
		{67F9CF7F-958E-4066-88C1-AE45E19CE596}.Release|Any CPU.Build.0 = Release|Any CPU
	EndGlobalSection
	GlobalSection(SolutionProperties) = preSolution
		HideSolutionNode = FALSE
	EndGlobalSection
	GlobalSection(ExtensibilityGlobals) = postSolution
		SolutionGuid = {A987A2BF-4873-45A3-8AAD-3E4D3110E6BF}
	EndGlobalSection
EndGlobal
