
Microsoft Visual Studio Solution File, Format Version 12.00
# Visual Studio Version 16
VisualStudioVersion = 16.0.30204.135
MinimumVisualStudioVersion = 10.0.40219.1
Project("{FAE04EC0-301F-11D3-BF4B-00C04F79EFBC}") = "03_Demo X-Reset", "03_Demo X-Reset.csproj", "{B02CBBAB-0982-4A10-BEE6-4E394C34CC70}"
EndProject
Global
	GlobalSection(SolutionConfigurationPlatforms) = preSolution
		Debug|Any CPU = Debug|Any CPU
		Release|Any CPU = Release|Any CPU
	EndGlobalSection
	GlobalSection(ProjectConfigurationPlatforms) = postSolution
		{B02CBBAB-0982-4A10-BEE6-4E394C34CC70}.Debug|Any CPU.ActiveCfg = Debug|Any CPU
		{B02CBBAB-0982-4A10-BEE6-4E394C34CC70}.Debug|Any CPU.Build.0 = Debug|Any CPU
		{B02CBBAB-0982-4A10-BEE6-4E394C34CC70}.Release|Any CPU.ActiveCfg = Release|Any CPU
		{B02CBBAB-0982-4A10-BEE6-4E394C34CC70}.Release|Any CPU.Build.0 = Release|Any CPU
	EndGlobalSection
	GlobalSection(SolutionProperties) = preSolution
		HideSolutionNode = FALSE
	EndGlobalSection
	GlobalSection(ExtensibilityGlobals) = postSolution
		SolutionGuid = {0C087D76-E4B4-4749-BB7D-7658BFE315D3}
	EndGlobalSection
EndGlobal
