
Microsoft Visual Studio Solution File, Format Version 12.00
# Visual Studio Version 16
VisualStudioVersion = 16.0.30204.135
MinimumVisualStudioVersion = 10.0.40219.1
Project("{FAE04EC0-301F-11D3-BF4B-00C04F79EFBC}") = "15_Demo XAsString-XAsStringWithFormat", "15_Demo XAsString-XAsStringWithFormat.csproj", "{733F3AE0-2786-40D0-AA22-F2DF8B6A5B63}"
EndProject
Global
	GlobalSection(SolutionConfigurationPlatforms) = preSolution
		Debug|Any CPU = Debug|Any CPU
		Release|Any CPU = Release|Any CPU
	EndGlobalSection
	GlobalSection(ProjectConfigurationPlatforms) = postSolution
		{733F3AE0-2786-40D0-AA22-F2DF8B6A5B63}.Debug|Any CPU.ActiveCfg = Debug|Any CPU
		{733F3AE0-2786-40D0-AA22-F2DF8B6A5B63}.Debug|Any CPU.Build.0 = Debug|Any CPU
		{733F3AE0-2786-40D0-AA22-F2DF8B6A5B63}.Release|Any CPU.ActiveCfg = Release|Any CPU
		{733F3AE0-2786-40D0-AA22-F2DF8B6A5B63}.Release|Any CPU.Build.0 = Release|Any CPU
	EndGlobalSection
	GlobalSection(SolutionProperties) = preSolution
		HideSolutionNode = FALSE
	EndGlobalSection
	GlobalSection(ExtensibilityGlobals) = postSolution
		SolutionGuid = {3D710B17-609A-4C31-8B08-6FFF4684F763}
	EndGlobalSection
EndGlobal
