
Microsoft Visual Studio Solution File, Format Version 12.00
# Visual Studio Version 16
VisualStudioVersion = 16.0.30204.135
MinimumVisualStudioVersion = 10.0.40219.1
Project("{FAE04EC0-301F-11D3-BF4B-00C04F79EFBC}") = "13_Demo CCNOT", "13_Demo CCNOT.csproj", "{6FD29B03-58D8-471B-A712-D3026B129E83}"
EndProject
Global
	GlobalSection(SolutionConfigurationPlatforms) = preSolution
		Debug|Any CPU = Debug|Any CPU
		Release|Any CPU = Release|Any CPU
	EndGlobalSection
	GlobalSection(ProjectConfigurationPlatforms) = postSolution
		{6FD29B03-58D8-471B-A712-D3026B129E83}.Debug|Any CPU.ActiveCfg = Debug|Any CPU
		{6FD29B03-58D8-471B-A712-D3026B129E83}.Debug|Any CPU.Build.0 = Debug|Any CPU
		{6FD29B03-58D8-471B-A712-D3026B129E83}.Release|Any CPU.ActiveCfg = Release|Any CPU
		{6FD29B03-58D8-471B-A712-D3026B129E83}.Release|Any CPU.Build.0 = Release|Any CPU
	EndGlobalSection
	GlobalSection(SolutionProperties) = preSolution
		HideSolutionNode = FALSE
	EndGlobalSection
	GlobalSection(ExtensibilityGlobals) = postSolution
		SolutionGuid = {00ACA023-A313-4F0E-9373-68E278C645E1}
	EndGlobalSection
EndGlobal
