
Microsoft Visual Studio Solution File, Format Version 12.00
# Visual Studio Version 16
VisualStudioVersion = 16.0.31205.134
MinimumVisualStudioVersion = 10.0.40219.1
Project("{FAE04EC0-301F-11D3-BF4B-00C04F79EFBC}") = "05_Demo MultiM-ResetAll", "05_Demo MultiM-ResetAll.csproj", "{FAFDD4CF-2538-408D-9BFD-719E8C7D668C}"
EndProject
Global
	GlobalSection(SolutionConfigurationPlatforms) = preSolution
		Debug|Any CPU = Debug|Any CPU
		Release|Any CPU = Release|Any CPU
	EndGlobalSection
	GlobalSection(ProjectConfigurationPlatforms) = postSolution
		{FAFDD4CF-2538-408D-9BFD-719E8C7D668C}.Debug|Any CPU.ActiveCfg = Debug|Any CPU
		{FAFDD4CF-2538-408D-9BFD-719E8C7D668C}.Debug|Any CPU.Build.0 = Debug|Any CPU
		{FAFDD4CF-2538-408D-9BFD-719E8C7D668C}.Release|Any CPU.ActiveCfg = Release|Any CPU
		{FAFDD4CF-2538-408D-9BFD-719E8C7D668C}.Release|Any CPU.Build.0 = Release|Any CPU
	EndGlobalSection
	GlobalSection(SolutionProperties) = preSolution
		HideSolutionNode = FALSE
	EndGlobalSection
	GlobalSection(ExtensibilityGlobals) = postSolution
		SolutionGuid = {89638DEA-3247-4999-835F-D31AB9F5CE92}
	EndGlobalSection
EndGlobal
