
Microsoft Visual Studio Solution File, Format Version 12.00
# Visual Studio Version 16
VisualStudioVersion = 16.0.30204.135
MinimumVisualStudioVersion = 10.0.40219.1
Project("{FAE04EC0-301F-11D3-BF4B-00C04F79EFBC}") = "07_Demo H count-mutable-set-for-IntAsString", "07_Demo H count-mutable-set-for-IntAsString.csproj", "{0A69F6E4-7374-4C2F-9C5C-75FDB21A18D3}"
EndProject
Global
	GlobalSection(SolutionConfigurationPlatforms) = preSolution
		Debug|Any CPU = Debug|Any CPU
		Release|Any CPU = Release|Any CPU
	EndGlobalSection
	GlobalSection(ProjectConfigurationPlatforms) = postSolution
		{0A69F6E4-7374-4C2F-9C5C-75FDB21A18D3}.Debug|Any CPU.ActiveCfg = Debug|Any CPU
		{0A69F6E4-7374-4C2F-9C5C-75FDB21A18D3}.Debug|Any CPU.Build.0 = Debug|Any CPU
		{0A69F6E4-7374-4C2F-9C5C-75FDB21A18D3}.Release|Any CPU.ActiveCfg = Release|Any CPU
		{0A69F6E4-7374-4C2F-9C5C-75FDB21A18D3}.Release|Any CPU.Build.0 = Release|Any CPU
	EndGlobalSection
	GlobalSection(SolutionProperties) = preSolution
		HideSolutionNode = FALSE
	EndGlobalSection
	GlobalSection(ExtensibilityGlobals) = postSolution
		SolutionGuid = {5FFEAB5D-65DC-4020-BFA2-B9B8D99B70AB}
	EndGlobalSection
EndGlobal
